{
  "name": "MediHacks",
  "lockfileVersion": 3,
  "requires": true,
  "packages": {
    "": {
      "dependencies": {
        "react-router": "^6.24.1",
        "react-router-dom": "^6.24.1"
      }
    },
    "node_modules/@remix-run/router": {
      "version": "1.17.1",
      "resolved": "https://registry.npmjs.org/@remix-run/router/-/router-1.17.1.tgz",
      "integrity": "sha512-mCOMec4BKd6BRGBZeSnGiIgwsbLGp3yhVqAD8H+PxiRNEHgDpZb8J1TnrSDlg97t0ySKMQJTHCWBCmBpSmkF6Q==",
      "engines": {
        "node": ">=14.0.0"
      }
    },
    "node_modules/react-router": {
      "version": "6.24.1",
      "resolved": "https://registry.npmjs.org/react-router/-/react-router-6.24.1.tgz",
      "integrity": "sha512-PTXFXGK2pyXpHzVo3rR9H7ip4lSPZZc0bHG5CARmj65fTT6qG7sTngmb6lcYu1gf3y/8KxORoy9yn59pGpCnpg==",
      "dependencies": {
        "@remix-run/router": "1.17.1"
      },
      "engines": {
        "node": ">=14.0.0"
      },
      "peerDependencies": {
        "react": ">=16.8"
      }
    },
    "node_modules/react-router-dom": {
      "version": "6.24.1",
      "resolved": "https://registry.npmjs.org/react-router-dom/-/react-router-dom-6.24.1.tgz",
      "integrity": "sha512-U19KtXqooqw967Vw0Qcn5cOvrX5Ejo9ORmOtJMzYWtCT4/WOfFLIZGGsVLxcd9UkBO0mSTZtXqhZBsWlHr7+Sg==",
      "dependencies": {
        "@remix-run/router": "1.17.1",
        "react-router": "6.24.1"
      },
      "engines": {
        "node": ">=14.0.0"
      },
      "peerDependencies": {
        "react": ">=16.8",
        "react-dom": ">=16.8"
      }
    }
  }
}
